
Microsoft Visual Studio Solution File, Format Version 10.00
# Visual Studio 2008
Project("{8BC9CEB8-8B4A-11D0-8D11-00A0C91BC942}") = "YOHAN", "YOHAN\YOHAN.vcproj", "{42174D37-CE25-4CAE-BCD7-4F7DE8146035}"
EndProject
Project("{8BC9CEB8-8B4A-11D0-8D11-00A0C91BC942}") = "TestProject", "TestProject\TestProject.vcproj", "{D55FD82D-EE50-4809-89A4-14D0D4B1D7ED}"
	ProjectSection(ProjectDependencies) = postProject
		{42174D37-CE25-4CAE-BCD7-4F7DE8146035} = {42174D37-CE25-4CAE-BCD7-4F7DE8146035}
	EndProjectSection
EndProject
Project("{2150E333-8FDC-42A3-9474-1A3956D46DE8}") = "Solution Items", "Solution Items", "{BBCBF1A2-700F-4144-8B8C-5CFEBAE7E3B8}"
	ProjectSection(SolutionItems) = preProject
		LocalTestRun.testrunconfig = LocalTestRun.testrunconfig
	EndProjectSection
EndProject
Global
	GlobalSection(SolutionConfigurationPlatforms) = preSolution
		Debug|Win32 = Debug|Win32
		Release|Win32 = Release|Win32
	EndGlobalSection
	GlobalSection(ProjectConfigurationPlatforms) = postSolution
		{42174D37-CE25-4CAE-BCD7-4F7DE8146035}.Debug|Win32.ActiveCfg = Debug|Win32
		{42174D37-CE25-4CAE-BCD7-4F7DE8146035}.Debug|Win32.Build.0 = Debug|Win32
		{42174D37-CE25-4CAE-BCD7-4F7DE8146035}.Release|Win32.ActiveCfg = Release|Win32
		{42174D37-CE25-4CAE-BCD7-4F7DE8146035}.Release|Win32.Build.0 = Release|Win32
		{D55FD82D-EE50-4809-89A4-14D0D4B1D7ED}.Debug|Win32.ActiveCfg = Debug|Win32
		{D55FD82D-EE50-4809-89A4-14D0D4B1D7ED}.Debug|Win32.Build.0 = Debug|Win32
		{D55FD82D-EE50-4809-89A4-14D0D4B1D7ED}.Release|Win32.ActiveCfg = Release|Win32
		{D55FD82D-EE50-4809-89A4-14D0D4B1D7ED}.Release|Win32.Build.0 = Release|Win32
	EndGlobalSection
	GlobalSection(SolutionProperties) = preSolution
		HideSolutionNode = FALSE
	EndGlobalSection
EndGlobal
